
Microsoft Visual Studio Solution File, Format Version 12.00
# Visual Studio Version 16
VisualStudioVersion = 16.0.31624.102
MinimumVisualStudioVersion = 10.0.40219.1
Project("{9A19103F-16F7-4668-BE54-9A1E7A4F7556}") = "Homework_13", "Homework_13.csproj", "{AC174784-FBCB-4C46-A71A-C0E94A18FAA7}"
EndProject
Project("{2150E333-8FDC-42A3-9474-1A3956D46DE8}") = "Solution Items", "Solution Items", "{0729ACCC-476A-4039-BE5D-598B03CCDBCF}"
	ProjectSection(SolutionItems) = preProject
		.editorconfig = .editorconfig
	EndProjectSection
EndProject
Project("{9A19103F-16F7-4668-BE54-9A1E7A4F7556}") = "BankModelLibrary", "..\BankModelLibrary\BankModelLibrary.csproj", "{EEECB19F-5C98-4D86-8A21-601B8F7D3A98}"
EndProject
Global
	GlobalSection(SolutionConfigurationPlatforms) = preSolution
		Debug|Any CPU = Debug|Any CPU
		Release|Any CPU = Release|Any CPU
	EndGlobalSection
	GlobalSection(ProjectConfigurationPlatforms) = postSolution
		{AC174784-FBCB-4C46-A71A-C0E94A18FAA7}.Debug|Any CPU.ActiveCfg = Debug|Any CPU
		{AC174784-FBCB-4C46-A71A-C0E94A18FAA7}.Debug|Any CPU.Build.0 = Debug|Any CPU
		{AC174784-FBCB-4C46-A71A-C0E94A18FAA7}.Release|Any CPU.ActiveCfg = Release|Any CPU
		{AC174784-FBCB-4C46-A71A-C0E94A18FAA7}.Release|Any CPU.Build.0 = Release|Any CPU
		{EEECB19F-5C98-4D86-8A21-601B8F7D3A98}.Debug|Any CPU.ActiveCfg = Debug|Any CPU
		{EEECB19F-5C98-4D86-8A21-601B8F7D3A98}.Debug|Any CPU.Build.0 = Debug|Any CPU
		{EEECB19F-5C98-4D86-8A21-601B8F7D3A98}.Release|Any CPU.ActiveCfg = Release|Any CPU
		{EEECB19F-5C98-4D86-8A21-601B8F7D3A98}.Release|Any CPU.Build.0 = Release|Any CPU
	EndGlobalSection
	GlobalSection(SolutionProperties) = preSolution
		HideSolutionNode = FALSE
	EndGlobalSection
	GlobalSection(ExtensibilityGlobals) = postSolution
		SolutionGuid = {40F6467C-DA5E-44B5-80F4-C810D9E6E8F9}
	EndGlobalSection
EndGlobal
